// !$*UTF8*$!
{
	archiveVersion = 1;
	classes = {
	};
	objectVersion = 50;
	objects = {

/* Begin PBXBuildFile section */
		E246FE3C29DB1264000FAFB8 /* IMC2.swift in Sources */ = {isa = PBXBuildFile; fileRef = E246FE3B29DB1264000FAFB8 /* IMC2.swift */; };
		E246FE3F29DB1A76000FAFB8 /* ResultViewController.swift in Sources */ = {isa = PBXBuildFile; fileRef = E246FE3E29DB1A76000FAFB8 /* ResultViewController.swift */; };
		E250DC9E29D9BB5A009D6881 /* AppDelegate.swift in Sources */ = {isa = PBXBuildFile; fileRef = E250DC9D29D9BB5A009D6881 /* AppDelegate.swift */; };
		E250DCA029D9BB5A009D6881 /* SceneDelegate.swift in Sources */ = {isa = PBXBuildFile; fileRef = E250DC9F29D9BB5A009D6881 /* SceneDelegate.swift */; };
		E250DCA229D9BB5A009D6881 /* ViewController.swift in Sources */ = {isa = PBXBuildFile; fileRef = E250DCA129D9BB5A009D6881 /* ViewController.swift */; };
		E250DCA529D9BB5A009D6881 /* Main.storyboard in Resources */ = {isa = PBXBuildFile; fileRef = E250DCA329D9BB5A009D6881 /* Main.storyboard */; };
		E250DCA729D9BB5E009D6881 /* Assets.xcassets in Resources */ = {isa = PBXBuildFile; fileRef = E250DCA629D9BB5E009D6881 /* Assets.xcassets */; };
		E250DCAA29D9BB5E009D6881 /* LaunchScreen.storyboard in Resources */ = {isa = PBXBuildFile; fileRef = E250DCA829D9BB5E009D6881 /* LaunchScreen.storyboard */; };
/* End PBXBuildFile section */

/* Begin PBXFileReference section */
		E246FE3B29DB1264000FAFB8 /* IMC2.swift */ = {isa = PBXFileReference; lastKnownFileType = sourcecode.swift; path = IMC2.swift; sourceTree = "<group>"; };
		E246FE3E29DB1A76000FAFB8 /* ResultViewController.swift */ = {isa = PBXFileReference; lastKnownFileType = sourcecode.swift; path = ResultViewController.swift; sourceTree = "<group>"; };
		E250DC9A29D9BB5A009D6881 /* IMC.app */ = {isa = PBXFileReference; explicitFileType = wrapper.application; includeInIndex = 0; path = IMC.app; sourceTree = BUILT_PRODUCTS_DIR; };
		E250DC9D29D9BB5A009D6881 /* AppDelegate.swift */ = {isa = PBXFileReference; lastKnownFileType = sourcecode.swift; path = AppDelegate.swift; sourceTree = "<group>"; };
		E250DC9F29D9BB5A009D6881 /* SceneDelegate.swift */ = {isa = PBXFileReference; lastKnownFileType = sourcecode.swift; path = SceneDelegate.swift; sourceTree = "<group>"; };
		E250DCA129D9BB5A009D6881 /* ViewController.swift */ = {isa = PBXFileReference; lastKnownFileType = sourcecode.swift; path = ViewController.swift; sourceTree = "<group>"; };
		E250DCA429D9BB5A009D6881 /* Base */ = {isa = PBXFileReference; lastKnownFileType = file.storyboard; name = Base; path = Base.lproj/Main.storyboard; sourceTree = "<group>"; };
		E250DCA629D9BB5E009D6881 /* Assets.xcassets */ = {isa = PBXFileReference; lastKnownFileType = folder.assetcatalog; path = Assets.xcassets; sourceTree = "<group>"; };
		E250DCA929D9BB5E009D6881 /* Base */ = {isa = PBXFileReference; lastKnownFileType = file.storyboard; name = Base; path = Base.lproj/LaunchScreen.storyboard; sourceTree = "<group>"; };
		E250DCAB29D9BB5E009D6881 /* Info.plist */ = {isa = PBXFileReference; lastKnownFileType = text.plist.xml; path = Info.plist; sourceTree = "<group>"; };
/* End PBXFileReference section */

/* Begin PBXFrameworksBuildPhase section */
		E250DC9729D9BB5A009D6881 /* Frameworks */ = {
			isa = PBXFrameworksBuildPhase;
			buildActionMask = 2147483647;
			files = (
			);
			runOnlyForDeploymentPostprocessing = 0;
		};
/* End PBXFrameworksBuildPhase section */

/* Begin PBXGroup section */
		E250DC9129D9BB5A009D6881 = {
			isa = PBXGroup;
			children = (
				E250DC9C29D9BB5A009D6881 /* IMC */,
				E250DC9B29D9BB5A009D6881 /* Products */,
			);
			sourceTree = "<group>";
		};
		E250DC9B29D9BB5A009D6881 /* Products */ = {
			isa = PBXGroup;
			children = (
				E250DC9A29D9BB5A009D6881 /* IMC.app */,
			);
			name = Products;
			sourceTree = "<group>";
		};
		E250DC9C29D9BB5A009D6881 /* IMC */ = {
			isa = PBXGroup;
			children = (
				E250DC9D29D9BB5A009D6881 /* AppDelegate.swift */,
				E250DC9F29D9BB5A009D6881 /* SceneDelegate.swift */,
				E250DCA129D9BB5A009D6881 /* ViewController.swift */,
				E250DCA329D9BB5A009D6881 /* Main.storyboard */,
				E250DCA629D9BB5E009D6881 /* Assets.xcassets */,
				E250DCA829D9BB5E009D6881 /* LaunchScreen.storyboard */,
				E250DCAB29D9BB5E009D6881 /* Info.plist */,
				E246FE3B29DB1264000FAFB8 /* IMC2.swift */,
				E246FE3E29DB1A76000FAFB8 /* ResultViewController.swift */,
			);
			path = IMC;
			sourceTree = "<group>";
		};
/* End PBXGroup section */

/* Begin PBXNativeTarget section */
		E250DC9929D9BB5A009D6881 /* IMC */ = {
			isa = PBXNativeTarget;
			buildConfigurationList = E250DCAE29D9BB5E009D6881 /* Build configuration list for PBXNativeTarget "IMC" */;
			buildPhases = (
				E250DC9629D9BB5A009D6881 /* Sources */,
				E250DC9729D9BB5A009D6881 /* Frameworks */,
				E250DC9829D9BB5A009D6881 /* Resources */,
			);
			buildRules = (
			);
			dependencies = (
			);
			name = IMC;
			productName = IMC;
			productReference = E250DC9A29D9BB5A009D6881 /* IMC.app */;
			productType = "com.apple.product-type.application";
		};
/* End PBXNativeTarget section */

/* Begin PBXProject section */
		E250DC9229D9BB5A009D6881 /* Project object */ = {
			isa = PBXProject;
			attributes = {
				LastSwiftUpdateCheck = 1210;
				LastUpgradeCheck = 1210;
				TargetAttributes = {
					E250DC9929D9BB5A009D6881 = {
						CreatedOnToolsVersion = 12.1;
					};
				};
			};
			buildConfigurationList = E250DC9529D9BB5A009D6881 /* Build configuration list for PBXProject "IMC" */;
			compatibilityVersion = "Xcode 9.3";
			developmentRegion = en;
			hasScannedForEncodings = 0;
			knownRegions = (
				en,
				Base,
			);
			mainGroup = E250DC9129D9BB5A009D6881;
			productRefGroup = E250DC9B29D9BB5A009D6881 /* Products */;
			projectDirPath = "";
			projectRoot = "";
			targets = (
				E250DC9929D9BB5A009D6881 /* IMC */,
			);
		};
/* End PBXProject section */

/* Begin PBXResourcesBuildPhase section */
		E250DC9829D9BB5A009D6881 /* Resources */ = {
			isa = PBXResourcesBuildPhase;
			buildActionMask = 2147483647;
			files = (
				E250DCAA29D9BB5E009D6881 /* LaunchScreen.storyboard in Resources */,
				E250DCA729D9BB5E009D6881 /* Assets.xcassets in Resources */,
				E250DCA529D9BB5A009D6881 /* Main.storyboard in Resources */,
			);
			runOnlyForDeploymentPostprocessing = 0;
		};
/* End PBXResourcesBuildPhase section */

/* Begin PBXSourcesBuildPhase section */
		E250DC9629D9BB5A009D6881 /* Sources */ = {
			isa = PBXSourcesBuildPhase;
			buildActionMask = 2147483647;
			files = (
				E246FE3F29DB1A76000FAFB8 /* ResultViewController.swift in Sources */,
				E246FE3C29DB1264000FAFB8 /* IMC2.swift in Sources */,
				E250DCA229D9BB5A009D6881 /* ViewController.swift in Sources */,
				E250DC9E29D9BB5A009D6881 /* AppDelegate.swift in Sources */,
				E250DCA029D9BB5A009D6881 /* SceneDelegate.swift in Sources */,
			);
			runOnlyForDeploymentPostprocessing = 0;
		};
/* End PBXSourcesBuildPhase section */

/* Begin PBXVariantGroup section */
		E250DCA329D9BB5A009D6881 /* Main.storyboard */ = {
			isa = PBXVariantGroup;
			children = (
				E250DCA429D9BB5A009D6881 /* Base */,
			);
			name = Main.storyboard;
			sourceTree = "<group>";
		};
		E250DCA829D9BB5E009D6881 /* LaunchScreen.storyboard */ = {
			isa = PBXVariantGroup;
			children = (
				E250DCA929D9BB5E009D6881 /* Base */,
			);
			name = LaunchScreen.storyboard;
			sourceTree = "<group>";
		};
/* End PBXVariantGroup section */

/* Begin XCBuildConfiguration section */
		E250DCAC29D9BB5E009D6881 /* Debug */ = {
			isa = XCBuildConfiguration;
			buildSettings = {
				ALWAYS_SEARCH_USER_PATHS = NO;
				CLANG_ANALYZER_NONNULL = YES;
				CLANG_ANALYZER_NUMBER_OBJECT_CONVERSION = YES_AGGRESSIVE;
				CLANG_CXX_LANGUAGE_STANDARD = "gnu++14";
				CLANG_CXX_LIBRARY = "libc++";
				CLANG_ENABLE_MODULES = YES;
				CLANG_ENABLE_OBJC_ARC = YES;
				CLANG_ENABLE_OBJC_WEAK = YES;
				CLANG_WARN_BLOCK_CAPTURE_AUTORELEASING = YES;
				CLANG_WARN_BOOL_CONVERSION = YES;
				CLANG_WARN_COMMA = YES;
				CLANG_WARN_CONSTANT_CONVERSION = YES;
				CLANG_WARN_DEPRECATED_OBJC_IMPLEMENTATIONS = YES;
				CLANG_WARN_DIRECT_OBJC_ISA_USAGE = YES_ERROR;
				CLANG_WARN_DOCUMENTATION_COMMENTS = YES;
				CLANG_WARN_EMPTY_BODY = YES;
				CLANG_WARN_ENUM_CONVERSION = YES;
				CLANG_WARN_INFINITE_RECURSION = YES;
				CLANG_WARN_INT_CONVERSION = YES;
				CLANG_WARN_NON_LITERAL_NULL_CONVERSION = YES;
				CLANG_WARN_OBJC_IMPLICIT_RETAIN_SELF = YES;
				CLANG_WARN_OBJC_LITERAL_CONVERSION = YES;
				CLANG_WARN_OBJC_ROOT_CLASS = YES_ERROR;
				CLANG_WARN_QUOTED_INCLUDE_IN_FRAMEWORK_HEADER = YES;
				CLANG_WARN_RANGE_LOOP_ANALYSIS = YES;
				CLANG_WARN_STRICT_PROTOTYPES = YES;
				CLANG_WARN_SUSPICIOUS_MOVE = YES;
				CLANG_WARN_UNGUARDED_AVAILABILITY = YES_AGGRESSIVE;
				CLANG_WARN_UNREACHABLE_CODE = YES;
				CLANG_WARN__DUPLICATE_METHOD_MATCH = YES;
				COPY_PHASE_STRIP = NO;
				DEBUG_INFORMATION_FORMAT = dwarf;
				ENABLE_STRICT_OBJC_MSGSEND = YES;
				ENABLE_TESTABILITY = YES;
				GCC_C_LANGUAGE_STANDARD = gnu11;
				GCC_DYNAMIC_NO_PIC = NO;
				GCC_NO_COMMON_BLOCKS = YES;
				GCC_OPTIMIZATION_LEVEL = 0;
				GCC_PREPROCESSOR_DEFINITIONS = (
					"DEBUG=1",
					"$(inherited)",
				);
				GCC_WARN_64_TO_32_BIT_CONVERSION = YES;
				GCC_WARN_ABOUT_RETURN_TYPE = YES_ERROR;
				GCC_WARN_UNDECLARED_SELECTOR = YES;
				GCC_WARN_UNINITIALIZED_AUTOS = YES_AGGRESSIVE;
				GCC_WARN_UNUSED_FUNCTION = YES;
				GCC_WARN_UNUSED_VARIABLE = YES;
				IPHONEOS_DEPLOYMENT_TARGET = 14.1;
				MTL_ENABLE_DEBUG_INFO = INCLUDE_SOURCE;
				MTL_FAST_MATH = YES;
				ONLY_ACTIVE_ARCH = YES;
				SDKROOT = iphoneos;
				SWIFT_ACTIVE_COMPILATION_CONDITIONS = DEBUG;
				SWIFT_OPTIMIZATION_LEVEL = "-Onone";
			};
			name = Debug;
		};
		E250DCAD29D9BB5E009D6881 /* Release */ = {
			isa = XCBuildConfiguration;
			buildSettings = {
				ALWAYS_SEARCH_USER_PATHS = NO;
				CLANG_ANALYZER_NONNULL = YES;
				CLANG_ANALYZER_NUMBER_OBJECT_CONVERSION = YES_AGGRESSIVE;
				CLANG_CXX_LANGUAGE_STANDARD = "gnu++14";
				CLANG_CXX_LIBRARY = "libc++";
				CLANG_ENABLE_MODULES = YES;
				CLANG_ENABLE_OBJC_ARC = YES;
				CLANG_ENABLE_OBJC_WEAK = YES;
				CLANG_WARN_BLOCK_CAPTURE_AUTORELEASING = YES;
				CLANG_WARN_BOOL_CONVERSION = YES;
				CLANG_WARN_COMMA = YES;
				CLANG_WARN_CONSTANT_CONVERSION = YES;
				CLANG_WARN_DEPRECATED_OBJC_IMPLEMENTATIONS = YES;
				CLANG_WARN_DIRECT_OBJC_ISA_USAGE = YES_ERROR;
				CLANG_WARN_DOCUMENTATION_COMMENTS = YES;
				CLANG_WARN_EMPTY_BODY = YES;
				CLANG_WARN_ENUM_CONVERSION = YES;
				CLANG_WARN_INFINITE_RECURSION = YES;
				CLANG_WARN_INT_CONVERSION = YES;
				CLANG_WARN_NON_LITERAL_NULL_CONVERSION = YES;
				CLANG_WARN_OBJC_IMPLICIT_RETAIN_SELF = YES;
				CLANG_WARN_OBJC_LITERAL_CONVERSION = YES;
				CLANG_WARN_OBJC_ROOT_CLASS = YES_ERROR;
				CLANG_WARN_QUOTED_INCLUDE_IN_FRAMEWORK_HEADER = YES;
				CLANG_WARN_RANGE_LOOP_ANALYSIS = YES;
				CLANG_WARN_STRICT_PROTOTYPES = YES;
				CLANG_WARN_SUSPICIOUS_MOVE = YES;
				CLANG_WARN_UNGUARDED_AVAILABILITY = YES_AGGRESSIVE;
				CLANG_WARN_UNREACHABLE_CODE = YES;
				CLANG_WARN__DUPLICATE_METHOD_MATCH = YES;
				COPY_PHASE_STRIP = NO;
				DEBUG_INFORMATION_FORMAT = "dwarf-with-dsym";
				ENABLE_NS_ASSERTIONS = NO;
				ENABLE_STRICT_OBJC_MSGSEND = YES;
				GCC_C_LANGUAGE_STANDARD = gnu11;
				GCC_NO_COMMON_BLOCKS = YES;
				GCC_WARN_64_TO_32_BIT_CONVERSION = YES;
				GCC_WARN_ABOUT_RETURN_TYPE = YES_ERROR;
				GCC_WARN_UNDECLARED_SELECTOR = YES;
				GCC_WARN_UNINITIALIZED_AUTOS = YES_AGGRESSIVE;
				GCC_WARN_UNUSED_FUNCTION = YES;
				GCC_WARN_UNUSED_VARIABLE = YES;
				IPHONEOS_DEPLOYMENT_TARGET = 14.1;
				MTL_ENABLE_DEBUG_INFO = NO;
				MTL_FAST_MATH = YES;
				SDKROOT = iphoneos;
				SWIFT_COMPILATION_MODE = wholemodule;
				SWIFT_OPTIMIZATION_LEVEL = "-O";
				VALIDATE_PRODUCT = YES;
			};
			name = Release;
		};
		E250DCAF29D9BB5E009D6881 /* Debug */ = {
			isa = XCBuildConfiguration;
			buildSettings = {
				ASSETCATALOG_COMPILER_APPICON_NAME = AppIcon;
				ASSETCATALOG_COMPILER_GLOBAL_ACCENT_COLOR_NAME = AccentColor;
				CODE_SIGN_STYLE = Automatic;
				INFOPLIST_FILE = IMC/Info.plist;
				LD_RUNPATH_SEARCH_PATHS = (
					"$(inherited)",
					"@executable_path/Frameworks",
				);
				PRODUCT_BUNDLE_IDENTIFIER = com.asbika.IMC;
				PRODUCT_NAME = "$(TARGET_NAME)";
				SWIFT_VERSION = 5.0;
				TARGETED_DEVICE_FAMILY = "1,2";
			};
			name = Debug;
		};
		E250DCB029D9BB5E009D6881 /* Release */ = {
			isa = XCBuildConfiguration;
			buildSettings = {
				ASSETCATALOG_COMPILER_APPICON_NAME = AppIcon;
				ASSETCATALOG_COMPILER_GLOBAL_ACCENT_COLOR_NAME = AccentColor;
				CODE_SIGN_STYLE = Automatic;
				INFOPLIST_FILE = IMC/Info.plist;
				LD_RUNPATH_SEARCH_PATHS = (
					"$(inherited)",
					"@executable_path/Frameworks",
				);
				PRODUCT_BUNDLE_IDENTIFIER = com.asbika.IMC;
				PRODUCT_NAME = "$(TARGET_NAME)";
				SWIFT_VERSION = 5.0;
				TARGETED_DEVICE_FAMILY = "1,2";
			};
			name = Release;
		};
/* End XCBuildConfiguration section */

/* Begin XCConfigurationList section */
		E250DC9529D9BB5A009D6881 /* Build configuration list for PBXProject "IMC" */ = {
			isa = XCConfigurationList;
			buildConfigurations = (
				E250DCAC29D9BB5E009D6881 /* Debug */,
				E250DCAD29D9BB5E009D6881 /* Release */,
			);
			defaultConfigurationIsVisible = 0;
			defaultConfigurationName = Release;
		};
		E250DCAE29D9BB5E009D6881 /* Build configuration list for PBXNativeTarget "IMC" */ = {
			isa = XCConfigurationList;
			buildConfigurations = (
				E250DCAF29D9BB5E009D6881 /* Debug */,
				E250DCB029D9BB5E009D6881 /* Release */,
			);
			defaultConfigurationIsVisible = 0;
			defaultConfigurationName = Release;
		};
/* End XCConfigurationList section */
	};
	rootObject = E250DC9229D9BB5A009D6881 /* Project object */;
}
